
Microsoft Visual Studio Solution File, Format Version 12.00
# Visual Studio Version 17
VisualStudioVersion = 17.11.35303.130
MinimumVisualStudioVersion = 10.0.40219.1
Project("{2150E333-8FDC-42A3-9474-1A3956D46DE8}") = "src", "src", "{9759FB7C-6293-48F9-8FD8-800962C3EBA0}"
EndProject
Project("{2150E333-8FDC-42A3-9474-1A3956D46DE8}") = "Common", "Common", "{4DDBE901-8B3C-402B-AD28-C199B672C270}"
EndProject
Project("{9A19103F-16F7-4668-BE54-9A1E7A4F7556}") = "AlbumStore.Common", "AlbumStore.Common\AlbumStore.Common.csproj", "{085EF931-EE2B-4C5F-8D41-2CA37EA59A8C}"
EndProject
Project("{2150E333-8FDC-42A3-9474-1A3956D46DE8}") = "Core", "Core", "{B0F53AF2-7EAF-43C8-80CB-588C4076AAD3}"
EndProject
Project("{9A19103F-16F7-4668-BE54-9A1E7A4F7556}") = "AlbumStore.Application", "AlbumStore.Application\AlbumStore.Application.csproj", "{4DC43879-EE7C-421F-95BA-75CFAC756E2D}"
	ProjectSection(ProjectDependencies) = postProject
		{A6A9B9B0-E99C-4931-9AE4-C2197D174EE0} = {A6A9B9B0-E99C-4931-9AE4-C2197D174EE0}
	EndProjectSection
EndProject
Project("{9A19103F-16F7-4668-BE54-9A1E7A4F7556}") = "AlbumStore.Domain", "AlbumStore.Domain\AlbumStore.Domain.csproj", "{A6A9B9B0-E99C-4931-9AE4-C2197D174EE0}"
EndProject
Project("{2150E333-8FDC-42A3-9474-1A3956D46DE8}") = "Infrastructure", "Infrastructure", "{25E9933E-1867-42ED-8A6B-E4D8DFFF1597}"
EndProject
Project("{9A19103F-16F7-4668-BE54-9A1E7A4F7556}") = "AlbumStore.Infrastructure", "AlbumStore.Infrastructure\AlbumStore.Infrastructure.csproj", "{FF830003-8E4E-4169-A54F-E9DE68F3BF4C}"
EndProject
Project("{9A19103F-16F7-4668-BE54-9A1E7A4F7556}") = "AlbumStore.Persistence", "AlbumStore.Persistence\AlbumStore.Persistence.csproj", "{8A444829-5D0E-4F47-A23C-ED5CF7B2EDCB}"
EndProject
Project("{2150E333-8FDC-42A3-9474-1A3956D46DE8}") = "Web", "Web", "{B938CD94-66CF-48B7-8B73-01EEC74E76E1}"
EndProject
Project("{FAE04EC0-301F-11D3-BF4B-00C04F79EFBC}") = "AlbumStore.Api", "AlbumStore.Api\AlbumStore.Api.csproj", "{3863CE0E-CAC5-4723-880F-B4C4BF605E84}"
EndProject
Global
	GlobalSection(SolutionConfigurationPlatforms) = preSolution
		Debug|Any CPU = Debug|Any CPU
		Release|Any CPU = Release|Any CPU
	EndGlobalSection
	GlobalSection(ProjectConfigurationPlatforms) = postSolution
		{085EF931-EE2B-4C5F-8D41-2CA37EA59A8C}.Debug|Any CPU.ActiveCfg = Debug|Any CPU
		{085EF931-EE2B-4C5F-8D41-2CA37EA59A8C}.Debug|Any CPU.Build.0 = Debug|Any CPU
		{085EF931-EE2B-4C5F-8D41-2CA37EA59A8C}.Release|Any CPU.ActiveCfg = Release|Any CPU
		{085EF931-EE2B-4C5F-8D41-2CA37EA59A8C}.Release|Any CPU.Build.0 = Release|Any CPU
		{4DC43879-EE7C-421F-95BA-75CFAC756E2D}.Debug|Any CPU.ActiveCfg = Debug|Any CPU
		{4DC43879-EE7C-421F-95BA-75CFAC756E2D}.Debug|Any CPU.Build.0 = Debug|Any CPU
		{4DC43879-EE7C-421F-95BA-75CFAC756E2D}.Release|Any CPU.ActiveCfg = Release|Any CPU
		{4DC43879-EE7C-421F-95BA-75CFAC756E2D}.Release|Any CPU.Build.0 = Release|Any CPU
		{A6A9B9B0-E99C-4931-9AE4-C2197D174EE0}.Debug|Any CPU.ActiveCfg = Debug|Any CPU
		{A6A9B9B0-E99C-4931-9AE4-C2197D174EE0}.Debug|Any CPU.Build.0 = Debug|Any CPU
		{A6A9B9B0-E99C-4931-9AE4-C2197D174EE0}.Release|Any CPU.ActiveCfg = Release|Any CPU
		{A6A9B9B0-E99C-4931-9AE4-C2197D174EE0}.Release|Any CPU.Build.0 = Release|Any CPU
		{FF830003-8E4E-4169-A54F-E9DE68F3BF4C}.Debug|Any CPU.ActiveCfg = Debug|Any CPU
		{FF830003-8E4E-4169-A54F-E9DE68F3BF4C}.Debug|Any CPU.Build.0 = Debug|Any CPU
		{FF830003-8E4E-4169-A54F-E9DE68F3BF4C}.Release|Any CPU.ActiveCfg = Release|Any CPU
		{FF830003-8E4E-4169-A54F-E9DE68F3BF4C}.Release|Any CPU.Build.0 = Release|Any CPU
		{8A444829-5D0E-4F47-A23C-ED5CF7B2EDCB}.Debug|Any CPU.ActiveCfg = Debug|Any CPU
		{8A444829-5D0E-4F47-A23C-ED5CF7B2EDCB}.Debug|Any CPU.Build.0 = Debug|Any CPU
		{8A444829-5D0E-4F47-A23C-ED5CF7B2EDCB}.Release|Any CPU.ActiveCfg = Release|Any CPU
		{8A444829-5D0E-4F47-A23C-ED5CF7B2EDCB}.Release|Any CPU.Build.0 = Release|Any CPU
		{3863CE0E-CAC5-4723-880F-B4C4BF605E84}.Debug|Any CPU.ActiveCfg = Debug|Any CPU
		{3863CE0E-CAC5-4723-880F-B4C4BF605E84}.Debug|Any CPU.Build.0 = Debug|Any CPU
		{3863CE0E-CAC5-4723-880F-B4C4BF605E84}.Release|Any CPU.ActiveCfg = Release|Any CPU
		{3863CE0E-CAC5-4723-880F-B4C4BF605E84}.Release|Any CPU.Build.0 = Release|Any CPU
	EndGlobalSection
	GlobalSection(SolutionProperties) = preSolution
		HideSolutionNode = FALSE
	EndGlobalSection
	GlobalSection(NestedProjects) = preSolution
		{4DDBE901-8B3C-402B-AD28-C199B672C270} = {9759FB7C-6293-48F9-8FD8-800962C3EBA0}
		{085EF931-EE2B-4C5F-8D41-2CA37EA59A8C} = {4DDBE901-8B3C-402B-AD28-C199B672C270}
		{B0F53AF2-7EAF-43C8-80CB-588C4076AAD3} = {9759FB7C-6293-48F9-8FD8-800962C3EBA0}
		{4DC43879-EE7C-421F-95BA-75CFAC756E2D} = {B0F53AF2-7EAF-43C8-80CB-588C4076AAD3}
		{A6A9B9B0-E99C-4931-9AE4-C2197D174EE0} = {B0F53AF2-7EAF-43C8-80CB-588C4076AAD3}
		{25E9933E-1867-42ED-8A6B-E4D8DFFF1597} = {9759FB7C-6293-48F9-8FD8-800962C3EBA0}
		{FF830003-8E4E-4169-A54F-E9DE68F3BF4C} = {25E9933E-1867-42ED-8A6B-E4D8DFFF1597}
		{8A444829-5D0E-4F47-A23C-ED5CF7B2EDCB} = {25E9933E-1867-42ED-8A6B-E4D8DFFF1597}
		{B938CD94-66CF-48B7-8B73-01EEC74E76E1} = {9759FB7C-6293-48F9-8FD8-800962C3EBA0}
		{3863CE0E-CAC5-4723-880F-B4C4BF605E84} = {B938CD94-66CF-48B7-8B73-01EEC74E76E1}
	EndGlobalSection
	GlobalSection(ExtensibilityGlobals) = postSolution
		SolutionGuid = {AA7C2E1A-58F9-4736-B07A-937C708F6FCC}
	EndGlobalSection
EndGlobal
